
Microsoft Visual Studio Solution File, Format Version 12.00
# Visual Studio Version 17
VisualStudioVersion = 17.3.32819.101
MinimumVisualStudioVersion = 10.0.40219.1
Project("{FAE04EC0-301F-11D3-BF4B-00C04F79EFBC}") = "FinanceBag", "FinanceBag\FinanceBag.csproj", "{A8F70F26-D5D5-4AA8-BA7C-9528308CD452}"
EndProject
Global
	GlobalSection(SolutionConfigurationPlatforms) = preSolution
		Debug|Any CPU = Debug|Any CPU
		Release|Any CPU = Release|Any CPU
	EndGlobalSection
	GlobalSection(ProjectConfigurationPlatforms) = postSolution
		{A8F70F26-D5D5-4AA8-BA7C-9528308CD452}.Debug|Any CPU.ActiveCfg = Debug|Any CPU
		{A8F70F26-D5D5-4AA8-BA7C-9528308CD452}.Debug|Any CPU.Build.0 = Debug|Any CPU
		{A8F70F26-D5D5-4AA8-BA7C-9528308CD452}.Release|Any CPU.ActiveCfg = Release|Any CPU
		{A8F70F26-D5D5-4AA8-BA7C-9528308CD452}.Release|Any CPU.Build.0 = Release|Any CPU
	EndGlobalSection
	GlobalSection(SolutionProperties) = preSolution
		HideSolutionNode = FALSE
	EndGlobalSection
	GlobalSection(ExtensibilityGlobals) = postSolution
		SolutionGuid = {2F4AC7B9-16CE-4F7B-87B7-AD3710A7013D}
	EndGlobalSection
EndGlobal
